<Solution>
  <Folder Name="/src/">
    <Project Path="Library.Application/Library.Application.csproj" />
    <Project Path="Library.Domain/Library.Domain.csproj" />
    <Project Path="Library.Infrastructure/Library.Infrastructure.csproj" />
    <Project Path="Library.WebAPI/Library.WebAPI.csproj" />
  </Folder>
</Solution>
